
Microsoft Visual Studio Solution File, Format Version 12.00
# Visual Studio Version 16
VisualStudioVersion = 16.0.31624.102
MinimumVisualStudioVersion = 10.0.40219.1
Project("{9A19103F-16F7-4668-BE54-9A1E7A4F7556}") = "Lab_1", "Lab_1\Lab_1.csproj", "{852D44F3-F647-41CA-9AD2-2F4FEAD76BE9}"
EndProject
Project("{FAE04EC0-301F-11D3-BF4B-00C04F79EFBC}") = "Lab_2", "Lab_2\Lab_2\Lab_2.csproj", "{FB1B4FEF-1683-4100-9F9E-CBE6A462C6E3}"
EndProject
Global
	GlobalSection(SolutionConfigurationPlatforms) = preSolution
		Debug|Any CPU = Debug|Any CPU
		Release|Any CPU = Release|Any CPU
	EndGlobalSection
	GlobalSection(ProjectConfigurationPlatforms) = postSolution
		{852D44F3-F647-41CA-9AD2-2F4FEAD76BE9}.Debug|Any CPU.ActiveCfg = Debug|Any CPU
		{852D44F3-F647-41CA-9AD2-2F4FEAD76BE9}.Debug|Any CPU.Build.0 = Debug|Any CPU
		{852D44F3-F647-41CA-9AD2-2F4FEAD76BE9}.Release|Any CPU.ActiveCfg = Release|Any CPU
		{852D44F3-F647-41CA-9AD2-2F4FEAD76BE9}.Release|Any CPU.Build.0 = Release|Any CPU
		{FB1B4FEF-1683-4100-9F9E-CBE6A462C6E3}.Debug|Any CPU.ActiveCfg = Debug|Any CPU
		{FB1B4FEF-1683-4100-9F9E-CBE6A462C6E3}.Debug|Any CPU.Build.0 = Debug|Any CPU
		{FB1B4FEF-1683-4100-9F9E-CBE6A462C6E3}.Release|Any CPU.ActiveCfg = Release|Any CPU
		{FB1B4FEF-1683-4100-9F9E-CBE6A462C6E3}.Release|Any CPU.Build.0 = Release|Any CPU
	EndGlobalSection
	GlobalSection(SolutionProperties) = preSolution
		HideSolutionNode = FALSE
	EndGlobalSection
	GlobalSection(ExtensibilityGlobals) = postSolution
		SolutionGuid = {CFBEC3B6-AB1E-43AE-AA7D-B864537321C9}
	EndGlobalSection
EndGlobal
